<?xml version="1.0" encoding="UTF-8" standalone="yes" ?>
<CodeBlocks_project_file>
	<FileVersion major="1" minor="6" />
	<Project>
		<Option title="mp3id3" />
		<Option pch_mode="2" />
		<Option compiler="armelfgcc" />
		<Build>
			<Target title="Debug">
				<Option output="bin/Debug/mediascaner" prefix_auto="1" extension_auto="1" />
				<Option working_dir="bin/Debug" />
				<Option object_output="obj/Debug/" />
				<Option type="1" />
				<Option compiler="armelfgcc" />
				<Compiler>
					<Add option="-g" />
				</Compiler>
				<ExtraCommands>
					<Add after="adb push $exe_output /data" />
					<Add after="adb shell chmod 777 /data/$exe_name.$exe_ext" />
				</ExtraCommands>
			</Target>
		</Build>
		<Compiler>
			<Add option="-Wall" />
			<Add directory="Z:/android4.0/frameworks/base/include" />
			<Add directory="Z:/android4.0/system/core/include" />
		</Compiler>
		<ExtraCommands>
			<Add after="adb push $exe_output /data" />
			<Add after="adb shell chmod 777 /data/$exe_name.$exe_ext" />
		</ExtraCommands>
		<Unit filename="DataBase.cpp" />
		<Unit filename="DataBase.h" />
		<Unit filename="ID3.cpp" />
		<Unit filename="ID3.h" />
		<Unit filename="MediaExtractor.cpp" />
		<Unit filename="MediaExtractor.h" />
		<Unit filename="MediaScanner.cpp" />
		<Unit filename="MediaScanner.h" />
		<Unit filename="MediaScannerClient.cpp" />
		<Unit filename="MediaScannerClient.h" />
		<Unit filename="MetaData.cpp" />
		<Unit filename="MetaData.h" />
		<Unit filename="Mp3Extractor.cpp" />
		<Unit filename="Mp3Extractor.h" />
		<Unit filename="Mp3Seeker.h" />
		<Unit filename="MpegUtils.cpp" />
		<Unit filename="MpegUtils.h" />
		<Unit filename="Utils.cpp" />
		<Unit filename="Utils.h" />
		<Unit filename="VBRISeeker.cpp" />
		<Unit filename="VBRISeeker.h" />
		<Unit filename="XINGSeeker.cpp" />
		<Unit filename="XINGSeeker.h" />
		<Unit filename="com_qylk_app_provider_media_utils_MediaScaner.cpp" />
		<Unit filename="pinyin.h" />
		<Unit filename="sqlite3.h" />
		<Unit filename="test.cpp" />
		<Unit filename="utfconv.cpp" />
		<Unit filename="utfconv.h" />
		<Extensions>
			<code_completion />
			<envvars set="default" />
			<debugger>
				<remote_debugging target="Debug">
					<options conn_type="0" serial_baud="115200" ip_address="127.0.0.1" ip_port="2222" />
				</remote_debugging>
			</debugger>
			<lib_finder disable_auto="1" />
			<DoxyBlocks>
				<comment_style block="0" line="0" />
				<doxyfile_project />
				<doxyfile_build />
				<doxyfile_warnings />
				<doxyfile_output />
				<doxyfile_dot />
				<general />
			</DoxyBlocks>
		</Extensions>
	</Project>
</CodeBlocks_project_file>
